{
  "name": "newfolder",
  "version": "1.0.0",
  "lockfileVersion": 1,
  "requires": true,
  "dependencies": {
    "all-the-cities": {
      "version": "2.0.1",
      "resolved": "https://registry.npmjs.org/all-the-cities/-/all-the-cities-2.0.1.tgz",
      "integrity": "sha512-vr3XJzxToVEg0my2ZYodtU88HyQW5gwc1nLzRqCM8wfOtYXZvDGgPzctHzx+ja0UDrgAX3iddvucciaoGgSs+g==",
      "requires": {
        "pbf": "3.1.0"
      }
    },
    "async": {
      "version": "2.6.0",
      "resolved": "https://registry.npmjs.org/async/-/async-2.6.0.tgz",
      "integrity": "sha512-xAfGg1/NTLBBKlHFmnd7PlmUW9KhVQIUuSrYem9xzFUZy13ScvtyGGejaae9iAVRiRq9+Cx7DPFaAAhCpyxyPw==",
      "requires": {
        "lodash": "4.17.10"
      },
      "dependencies": {
        "lodash": {
          "version": "4.17.10",
          "resolved": "https://registry.npmjs.org/lodash/-/lodash-4.17.10.tgz",
          "integrity": "sha512-UejweD1pDoXu+AD825lWwp4ZGtSwgnpZxb3JDViD7StjQz+Nb/6l093lx4OQ0foGWNRoc19mWy7BzL+UAK2iVg=="
        }
      }
    },
    "bson": {
      "version": "1.0.6",
      "resolved": "https://registry.npmjs.org/bson/-/bson-1.0.6.tgz",
      "integrity": "sha512-D8zmlb46xfuK2gGvKmUjIklQEouN2nQ0LEHHeZ/NoHM2LDiMk2EYzZ5Ntw/Urk+bgMDosOZxaRzXxvhI5TcAVQ=="
    },
    "csv-stringify": {
      "version": "3.0.0",
      "resolved": "https://registry.npmjs.org/csv-stringify/-/csv-stringify-3.0.0.tgz",
      "integrity": "sha512-My0hdeq8dhDOa68KgsvJzCeK3306TpYffOB5evSG1HBaRf7RzpUgfUkYVsELbfFo9fUsAKtVGFdsdRGjkUuW1A==",
      "requires": {
        "lodash.get": "4.4.2"
      }
    },
    "fork-pool": {
      "version": "2.0.0",
      "resolved": "https://registry.npmjs.org/fork-pool/-/fork-pool-2.0.0.tgz",
      "integrity": "sha1-EdP/YKqL1rFX+j59RtYKuZJaQ3o=",
      "requires": {
        "generic-pool": "2.4.0",
        "lodash": "4.5.0"
      }
    },
    "generic-pool": {
      "version": "2.4.0",
      "resolved": "https://registry.npmjs.org/generic-pool/-/generic-pool-2.4.0.tgz",
      "integrity": "sha1-s+jU68ydbyGtfdI3IqKyLPvio04="
    },
    "graceful-fs": {
      "version": "4.1.11",
      "resolved": "https://registry.npmjs.org/graceful-fs/-/graceful-fs-4.1.11.tgz",
      "integrity": "sha1-Dovf5NHduIVNZOBOp8AOKgJuVlg="
    },
    "ieee754": {
      "version": "1.1.11",
      "resolved": "https://registry.npmjs.org/ieee754/-/ieee754-1.1.11.tgz",
      "integrity": "sha512-VhDzCKN7K8ufStx/CLj5/PDTMgph+qwN5Pkd5i0sGnVwk56zJ0lkT8Qzi1xqWLS0Wp29DgDtNeS7v8/wMoZeHg=="
    },
    "lodash": {
      "version": "4.5.0",
      "resolved": "https://registry.npmjs.org/lodash/-/lodash-4.5.0.tgz",
      "integrity": "sha1-IoSqBvWxNq29lUuQNRG2L8OdH1k="
    },
    "lodash.get": {
      "version": "4.4.2",
      "resolved": "https://registry.npmjs.org/lodash.get/-/lodash.get-4.4.2.tgz",
      "integrity": "sha1-LRd/ZS+jHpObRDjVNBSZ36OCXpk="
    },
    "mongodb": {
      "version": "3.0.8",
      "resolved": "https://registry.npmjs.org/mongodb/-/mongodb-3.0.8.tgz",
      "integrity": "sha512-mj7yIUyAr9xnO2ev8pcVJ9uX7gSum5LLs1qIFoWLxA5Il50+jcojKtaO1/TbexsScZ9Poz00Pc3b86GiSqJ7WA==",
      "requires": {
        "mongodb-core": "3.0.8"
      }
    },
    "mongodb-core": {
      "version": "3.0.8",
      "resolved": "https://registry.npmjs.org/mongodb-core/-/mongodb-core-3.0.8.tgz",
      "integrity": "sha512-dFxfhH9N7ohuQnINyIl6dqEF8sYOE0WKuymrFf3L3cipJNrx+S8rAbNOTwa00/fuJCjBMJNFsaA+R2N16//UIw==",
      "requires": {
        "bson": "1.0.6",
        "require_optional": "1.0.1"
      }
    },
    "pbf": {
      "version": "3.1.0",
      "resolved": "https://registry.npmjs.org/pbf/-/pbf-3.1.0.tgz",
      "integrity": "sha512-/hYJmIsTmh7fMkHAWWXJ5b8IKLWdjdlAFb3IHkRBn1XUhIYBChVGfVwmHEAV3UfXTxsP/AKfYTXTS/dCPxJd5w==",
      "requires": {
        "ieee754": "1.1.11",
        "resolve-protobuf-schema": "2.0.0"
      }
    },
    "protocol-buffers-schema": {
      "version": "2.2.0",
      "resolved": "https://registry.npmjs.org/protocol-buffers-schema/-/protocol-buffers-schema-2.2.0.tgz",
      "integrity": "sha1-0pxs1z+2VZePtpiWkRgNuEQRn2E="
    },
    "require_optional": {
      "version": "1.0.1",
      "resolved": "https://registry.npmjs.org/require_optional/-/require_optional-1.0.1.tgz",
      "integrity": "sha512-qhM/y57enGWHAe3v/NcwML6a3/vfESLe/sGM2dII+gEO0BpKRUkWZow/tyloNqJyN6kXSl3RyyM8Ll5D/sJP8g==",
      "requires": {
        "resolve-from": "2.0.0",
        "semver": "5.5.0"
      }
    },
    "resolve-from": {
      "version": "2.0.0",
      "resolved": "https://registry.npmjs.org/resolve-from/-/resolve-from-2.0.0.tgz",
      "integrity": "sha1-lICrIOlP+h2egKgEx+oUdhGWa1c="
    },
    "resolve-protobuf-schema": {
      "version": "2.0.0",
      "resolved": "https://registry.npmjs.org/resolve-protobuf-schema/-/resolve-protobuf-schema-2.0.0.tgz",
      "integrity": "sha1-5nsGKmfwLRG9aIbnDv2niEB+D7Q=",
      "requires": {
        "protocol-buffers-schema": "2.2.0"
      }
    },
    "semver": {
      "version": "5.5.0",
      "resolved": "https://registry.npmjs.org/semver/-/semver-5.5.0.tgz",
      "integrity": "sha512-4SJ3dm0WAwWy/NVeioZh5AntkdJoWKxHxcmyP622fOkgHa4z3R0TdBJICINyaSDE6uNwVc8gZr+ZinwZAH4xIA=="
    }
  }
}
